// !$*UTF8*$!
{
	archiveVersion = 1;
	classes = {
	};
	objectVersion = 56;
	objects = {

/* Begin PBXBuildFile section */
		7B0E84B1299B840000E2EA1C /* HomeView.swift in Sources */ = {isa = PBXBuildFile; fileRef = 7B0E84B0299B840000E2EA1C /* HomeView.swift */; };
		7B0E84B5299B869200E2EA1C /* CircleButtonView.swift in Sources */ = {isa = PBXBuildFile; fileRef = 7B0E84B4299B869200E2EA1C /* CircleButtonView.swift */; };
		7B0E84B7299B9EDC00E2EA1C /* CircleButtonAnimationView.swift in Sources */ = {isa = PBXBuildFile; fileRef = 7B0E84B6299B9EDC00E2EA1C /* CircleButtonAnimationView.swift */; };
		7B1D0C49299A8A7E002A2FA2 /* CryptoTrackerApp.swift in Sources */ = {isa = PBXBuildFile; fileRef = 7B1D0C48299A8A7E002A2FA2 /* CryptoTrackerApp.swift */; };
		7B1D0C4B299A8A7E002A2FA2 /* ContentView.swift in Sources */ = {isa = PBXBuildFile; fileRef = 7B1D0C4A299A8A7E002A2FA2 /* ContentView.swift */; };
		7B1D0C4D299A8A82002A2FA2 /* Assets.xcassets in Resources */ = {isa = PBXBuildFile; fileRef = 7B1D0C4C299A8A82002A2FA2 /* Assets.xcassets */; };
		7B1D0C50299A8A82002A2FA2 /* Preview Assets.xcassets in Resources */ = {isa = PBXBuildFile; fileRef = 7B1D0C4F299A8A82002A2FA2 /* Preview Assets.xcassets */; };
		7B1D0C58299AD876002A2FA2 /* Color.swift in Sources */ = {isa = PBXBuildFile; fileRef = 7B1D0C57299AD876002A2FA2 /* Color.swift */; };
		7B5848DA299BDC9900AF6909 /* CoinModel.swift in Sources */ = {isa = PBXBuildFile; fileRef = 7B5848D9299BDC9900AF6909 /* CoinModel.swift */; };
		7B5848DC299BDD4A00AF6909 /* CoinRowView.swift in Sources */ = {isa = PBXBuildFile; fileRef = 7B5848DB299BDD4A00AF6909 /* CoinRowView.swift */; };
		7B5848DE299BDE5E00AF6909 /* PreviewProvider.swift in Sources */ = {isa = PBXBuildFile; fileRef = 7B5848DD299BDE5E00AF6909 /* PreviewProvider.swift */; };
		7B5848E0299BE0C400AF6909 /* Double.swift in Sources */ = {isa = PBXBuildFile; fileRef = 7B5848DF299BE0C400AF6909 /* Double.swift */; };
		7B88847F299FB6A400D2E8F4 /* LocalFileManager.swift in Sources */ = {isa = PBXBuildFile; fileRef = 7B88847E299FB6A400D2E8F4 /* LocalFileManager.swift */; };
		7BA368AC299D34CC00CE8B51 /* HomeViewModel.swift in Sources */ = {isa = PBXBuildFile; fileRef = 7BA368AB299D34CC00CE8B51 /* HomeViewModel.swift */; };
		7BDCE1D629A36E89001C44FE /* SearchBarView.swift in Sources */ = {isa = PBXBuildFile; fileRef = 7BDCE1D529A36E88001C44FE /* SearchBarView.swift */; };
		7BDCE1D829A379A4001C44FE /* UIApplication+Extension.swift in Sources */ = {isa = PBXBuildFile; fileRef = 7BDCE1D729A379A3001C44FE /* UIApplication+Extension.swift */; };
		7BF0B94F299E51D000C6C33D /* CoinDataService.swift in Sources */ = {isa = PBXBuildFile; fileRef = 7BF0B94E299E51D000C6C33D /* CoinDataService.swift */; };
		7BF0B952299E5D6000C6C33D /* NetworkingManager.swift in Sources */ = {isa = PBXBuildFile; fileRef = 7BF0B951299E5D6000C6C33D /* NetworkingManager.swift */; };
		7BF0B954299E7AD700C6C33D /* CoinImageView.swift in Sources */ = {isa = PBXBuildFile; fileRef = 7BF0B953299E7AD700C6C33D /* CoinImageView.swift */; };
		7BF0B956299E7AFB00C6C33D /* CoinImageViewModel.swift in Sources */ = {isa = PBXBuildFile; fileRef = 7BF0B955299E7AFB00C6C33D /* CoinImageViewModel.swift */; };
		7BF0B958299E7C9200C6C33D /* CoinImageService.swift in Sources */ = {isa = PBXBuildFile; fileRef = 7BF0B957299E7C9200C6C33D /* CoinImageService.swift */; };
/* End PBXBuildFile section */

/* Begin PBXFileReference section */
		7B0E84B0299B840000E2EA1C /* HomeView.swift */ = {isa = PBXFileReference; lastKnownFileType = sourcecode.swift; path = HomeView.swift; sourceTree = "<group>"; };
		7B0E84B4299B869200E2EA1C /* CircleButtonView.swift */ = {isa = PBXFileReference; lastKnownFileType = sourcecode.swift; path = CircleButtonView.swift; sourceTree = "<group>"; };
		7B0E84B6299B9EDC00E2EA1C /* CircleButtonAnimationView.swift */ = {isa = PBXFileReference; lastKnownFileType = sourcecode.swift; path = CircleButtonAnimationView.swift; sourceTree = "<group>"; };
		7B1D0C45299A8A7E002A2FA2 /* CryptoTracker.app */ = {isa = PBXFileReference; explicitFileType = wrapper.application; includeInIndex = 0; path = CryptoTracker.app; sourceTree = BUILT_PRODUCTS_DIR; };
		7B1D0C48299A8A7E002A2FA2 /* CryptoTrackerApp.swift */ = {isa = PBXFileReference; lastKnownFileType = sourcecode.swift; path = CryptoTrackerApp.swift; sourceTree = "<group>"; };
		7B1D0C4A299A8A7E002A2FA2 /* ContentView.swift */ = {isa = PBXFileReference; lastKnownFileType = sourcecode.swift; path = ContentView.swift; sourceTree = "<group>"; };
		7B1D0C4C299A8A82002A2FA2 /* Assets.xcassets */ = {isa = PBXFileReference; lastKnownFileType = folder.assetcatalog; path = Assets.xcassets; sourceTree = "<group>"; };
		7B1D0C4F299A8A82002A2FA2 /* Preview Assets.xcassets */ = {isa = PBXFileReference; lastKnownFileType = folder.assetcatalog; path = "Preview Assets.xcassets"; sourceTree = "<group>"; };
		7B1D0C57299AD876002A2FA2 /* Color.swift */ = {isa = PBXFileReference; lastKnownFileType = sourcecode.swift; path = Color.swift; sourceTree = "<group>"; };
		7B5848D9299BDC9900AF6909 /* CoinModel.swift */ = {isa = PBXFileReference; fileEncoding = 4; lastKnownFileType = sourcecode.swift; path = CoinModel.swift; sourceTree = "<group>"; };
		7B5848DB299BDD4A00AF6909 /* CoinRowView.swift */ = {isa = PBXFileReference; lastKnownFileType = sourcecode.swift; path = CoinRowView.swift; sourceTree = "<group>"; };
		7B5848DD299BDE5E00AF6909 /* PreviewProvider.swift */ = {isa = PBXFileReference; fileEncoding = 4; lastKnownFileType = sourcecode.swift; path = PreviewProvider.swift; sourceTree = "<group>"; };
		7B5848DF299BE0C400AF6909 /* Double.swift */ = {isa = PBXFileReference; fileEncoding = 4; lastKnownFileType = sourcecode.swift; path = Double.swift; sourceTree = "<group>"; };
		7B88847E299FB6A400D2E8F4 /* LocalFileManager.swift */ = {isa = PBXFileReference; lastKnownFileType = sourcecode.swift; path = LocalFileManager.swift; sourceTree = "<group>"; };
		7BA368AB299D34CC00CE8B51 /* HomeViewModel.swift */ = {isa = PBXFileReference; lastKnownFileType = sourcecode.swift; path = HomeViewModel.swift; sourceTree = "<group>"; };
		7BDCE1D529A36E88001C44FE /* SearchBarView.swift */ = {isa = PBXFileReference; lastKnownFileType = sourcecode.swift; path = SearchBarView.swift; sourceTree = "<group>"; };
		7BDCE1D729A379A3001C44FE /* UIApplication+Extension.swift */ = {isa = PBXFileReference; lastKnownFileType = sourcecode.swift; path = "UIApplication+Extension.swift"; sourceTree = "<group>"; };
		7BF0B94E299E51D000C6C33D /* CoinDataService.swift */ = {isa = PBXFileReference; lastKnownFileType = sourcecode.swift; path = CoinDataService.swift; sourceTree = "<group>"; };
		7BF0B951299E5D6000C6C33D /* NetworkingManager.swift */ = {isa = PBXFileReference; lastKnownFileType = sourcecode.swift; path = NetworkingManager.swift; sourceTree = "<group>"; };
		7BF0B953299E7AD700C6C33D /* CoinImageView.swift */ = {isa = PBXFileReference; lastKnownFileType = sourcecode.swift; path = CoinImageView.swift; sourceTree = "<group>"; };
		7BF0B955299E7AFB00C6C33D /* CoinImageViewModel.swift */ = {isa = PBXFileReference; lastKnownFileType = sourcecode.swift; path = CoinImageViewModel.swift; sourceTree = "<group>"; };
		7BF0B957299E7C9200C6C33D /* CoinImageService.swift */ = {isa = PBXFileReference; lastKnownFileType = sourcecode.swift; path = CoinImageService.swift; sourceTree = "<group>"; };
/* End PBXFileReference section */

/* Begin PBXFrameworksBuildPhase section */
		7B1D0C42299A8A7E002A2FA2 /* Frameworks */ = {
			isa = PBXFrameworksBuildPhase;
			buildActionMask = 2147483647;
			files = (
			);
			runOnlyForDeploymentPostprocessing = 0;
		};
/* End PBXFrameworksBuildPhase section */

/* Begin PBXGroup section */
		7B0E84AC299B83C700E2EA1C /* Core */ = {
			isa = PBXGroup;
			children = (
				7B0E84B2299B865D00E2EA1C /* Components */,
				7B0E84AD299B83D500E2EA1C /* Home */,
			);
			path = Core;
			sourceTree = "<group>";
		};
		7B0E84AD299B83D500E2EA1C /* Home */ = {
			isa = PBXGroup;
			children = (
				7B0E84AF299B83E900E2EA1C /* View */,
				7B0E84AE299B83DD00E2EA1C /* ViewModel */,
			);
			path = Home;
			sourceTree = "<group>";
		};
		7B0E84AE299B83DD00E2EA1C /* ViewModel */ = {
			isa = PBXGroup;
			children = (
				7BA368AB299D34CC00CE8B51 /* HomeViewModel.swift */,
				7BF0B955299E7AFB00C6C33D /* CoinImageViewModel.swift */,
			);
			path = ViewModel;
			sourceTree = "<group>";
		};
		7B0E84AF299B83E900E2EA1C /* View */ = {
			isa = PBXGroup;
			children = (
				7B0E84B0299B840000E2EA1C /* HomeView.swift */,
				7B5848DB299BDD4A00AF6909 /* CoinRowView.swift */,
				7BF0B953299E7AD700C6C33D /* CoinImageView.swift */,
			);
			path = View;
			sourceTree = "<group>";
		};
		7B0E84B2299B865D00E2EA1C /* Components */ = {
			isa = PBXGroup;
			children = (
				7B0E84B3299B867100E2EA1C /* CircleButtons */,
				7BDCE1D529A36E88001C44FE /* SearchBarView.swift */,
			);
			path = Components;
			sourceTree = "<group>";
		};
		7B0E84B3299B867100E2EA1C /* CircleButtons */ = {
			isa = PBXGroup;
			children = (
				7B0E84B4299B869200E2EA1C /* CircleButtonView.swift */,
				7B0E84B6299B9EDC00E2EA1C /* CircleButtonAnimationView.swift */,
			);
			path = CircleButtons;
			sourceTree = "<group>";
		};
		7B1D0C3C299A8A7E002A2FA2 = {
			isa = PBXGroup;
			children = (
				7B1D0C47299A8A7E002A2FA2 /* CryptoTracker */,
				7B1D0C46299A8A7E002A2FA2 /* Products */,
			);
			sourceTree = "<group>";
		};
		7B1D0C46299A8A7E002A2FA2 /* Products */ = {
			isa = PBXGroup;
			children = (
				7B1D0C45299A8A7E002A2FA2 /* CryptoTracker.app */,
			);
			name = Products;
			sourceTree = "<group>";
		};
		7B1D0C47299A8A7E002A2FA2 /* CryptoTracker */ = {
			isa = PBXGroup;
			children = (
				7BF0B950299E5D3800C6C33D /* Utilites */,
				7BF0B94D299E512F00C6C33D /* Services */,
				7B5848D8299BDC8400AF6909 /* Models */,
				7B1D0C56299AD860002A2FA2 /* Extensions */,
				7B1D0C48299A8A7E002A2FA2 /* CryptoTrackerApp.swift */,
				7B0E84AC299B83C700E2EA1C /* Core */,
				7B1D0C4A299A8A7E002A2FA2 /* ContentView.swift */,
				7B1D0C4C299A8A82002A2FA2 /* Assets.xcassets */,
				7B1D0C4E299A8A82002A2FA2 /* Preview Content */,
			);
			path = CryptoTracker;
			sourceTree = "<group>";
		};
		7B1D0C4E299A8A82002A2FA2 /* Preview Content */ = {
			isa = PBXGroup;
			children = (
				7B1D0C4F299A8A82002A2FA2 /* Preview Assets.xcassets */,
			);
			path = "Preview Content";
			sourceTree = "<group>";
		};
		7B1D0C56299AD860002A2FA2 /* Extensions */ = {
			isa = PBXGroup;
			children = (
				7B5848DF299BE0C400AF6909 /* Double.swift */,
				7B5848DD299BDE5E00AF6909 /* PreviewProvider.swift */,
				7B1D0C57299AD876002A2FA2 /* Color.swift */,
				7BDCE1D729A379A3001C44FE /* UIApplication+Extension.swift */,
			);
			path = Extensions;
			sourceTree = "<group>";
		};
		7B5848D8299BDC8400AF6909 /* Models */ = {
			isa = PBXGroup;
			children = (
				7B5848D9299BDC9900AF6909 /* CoinModel.swift */,
			);
			path = Models;
			sourceTree = "<group>";
		};
		7BF0B94D299E512F00C6C33D /* Services */ = {
			isa = PBXGroup;
			children = (
				7BF0B94E299E51D000C6C33D /* CoinDataService.swift */,
				7BF0B957299E7C9200C6C33D /* CoinImageService.swift */,
			);
			path = Services;
			sourceTree = "<group>";
		};
		7BF0B950299E5D3800C6C33D /* Utilites */ = {
			isa = PBXGroup;
			children = (
				7BF0B951299E5D6000C6C33D /* NetworkingManager.swift */,
				7B88847E299FB6A400D2E8F4 /* LocalFileManager.swift */,
			);
			path = Utilites;
			sourceTree = "<group>";
		};
/* End PBXGroup section */

/* Begin PBXNativeTarget section */
		7B1D0C44299A8A7E002A2FA2 /* CryptoTracker */ = {
			isa = PBXNativeTarget;
			buildConfigurationList = 7B1D0C53299A8A82002A2FA2 /* Build configuration list for PBXNativeTarget "CryptoTracker" */;
			buildPhases = (
				7B1D0C41299A8A7E002A2FA2 /* Sources */,
				7B1D0C42299A8A7E002A2FA2 /* Frameworks */,
				7B1D0C43299A8A7E002A2FA2 /* Resources */,
			);
			buildRules = (
			);
			dependencies = (
			);
			name = CryptoTracker;
			productName = CryptoTracker;
			productReference = 7B1D0C45299A8A7E002A2FA2 /* CryptoTracker.app */;
			productType = "com.apple.product-type.application";
		};
/* End PBXNativeTarget section */

/* Begin PBXProject section */
		7B1D0C3D299A8A7E002A2FA2 /* Project object */ = {
			isa = PBXProject;
			attributes = {
				BuildIndependentTargetsInParallel = 1;
				LastSwiftUpdateCheck = 1400;
				LastUpgradeCheck = 1400;
				TargetAttributes = {
					7B1D0C44299A8A7E002A2FA2 = {
						CreatedOnToolsVersion = 14.0.1;
					};
				};
			};
			buildConfigurationList = 7B1D0C40299A8A7E002A2FA2 /* Build configuration list for PBXProject "CryptoTracker" */;
			compatibilityVersion = "Xcode 14.0";
			developmentRegion = en;
			hasScannedForEncodings = 0;
			knownRegions = (
				en,
				Base,
			);
			mainGroup = 7B1D0C3C299A8A7E002A2FA2;
			productRefGroup = 7B1D0C46299A8A7E002A2FA2 /* Products */;
			projectDirPath = "";
			projectRoot = "";
			targets = (
				7B1D0C44299A8A7E002A2FA2 /* CryptoTracker */,
			);
		};
/* End PBXProject section */

/* Begin PBXResourcesBuildPhase section */
		7B1D0C43299A8A7E002A2FA2 /* Resources */ = {
			isa = PBXResourcesBuildPhase;
			buildActionMask = 2147483647;
			files = (
				7B1D0C50299A8A82002A2FA2 /* Preview Assets.xcassets in Resources */,
				7B1D0C4D299A8A82002A2FA2 /* Assets.xcassets in Resources */,
			);
			runOnlyForDeploymentPostprocessing = 0;
		};
/* End PBXResourcesBuildPhase section */

/* Begin PBXSourcesBuildPhase section */
		7B1D0C41299A8A7E002A2FA2 /* Sources */ = {
			isa = PBXSourcesBuildPhase;
			buildActionMask = 2147483647;
			files = (
				7BF0B956299E7AFB00C6C33D /* CoinImageViewModel.swift in Sources */,
				7BF0B94F299E51D000C6C33D /* CoinDataService.swift in Sources */,
				7B5848DC299BDD4A00AF6909 /* CoinRowView.swift in Sources */,
				7BA368AC299D34CC00CE8B51 /* HomeViewModel.swift in Sources */,
				7B88847F299FB6A400D2E8F4 /* LocalFileManager.swift in Sources */,
				7B1D0C4B299A8A7E002A2FA2 /* ContentView.swift in Sources */,
				7B0E84B1299B840000E2EA1C /* HomeView.swift in Sources */,
				7BF0B954299E7AD700C6C33D /* CoinImageView.swift in Sources */,
				7B1D0C49299A8A7E002A2FA2 /* CryptoTrackerApp.swift in Sources */,
				7B0E84B5299B869200E2EA1C /* CircleButtonView.swift in Sources */,
				7BDCE1D629A36E89001C44FE /* SearchBarView.swift in Sources */,
				7B1D0C58299AD876002A2FA2 /* Color.swift in Sources */,
				7BF0B952299E5D6000C6C33D /* NetworkingManager.swift in Sources */,
				7BDCE1D829A379A4001C44FE /* UIApplication+Extension.swift in Sources */,
				7B0E84B7299B9EDC00E2EA1C /* CircleButtonAnimationView.swift in Sources */,
				7B5848DE299BDE5E00AF6909 /* PreviewProvider.swift in Sources */,
				7B5848E0299BE0C400AF6909 /* Double.swift in Sources */,
				7BF0B958299E7C9200C6C33D /* CoinImageService.swift in Sources */,
				7B5848DA299BDC9900AF6909 /* CoinModel.swift in Sources */,
			);
			runOnlyForDeploymentPostprocessing = 0;
		};
/* End PBXSourcesBuildPhase section */

/* Begin XCBuildConfiguration section */
		7B1D0C51299A8A82002A2FA2 /* Debug */ = {
			isa = XCBuildConfiguration;
			buildSettings = {
				ALWAYS_SEARCH_USER_PATHS = NO;
				CLANG_ANALYZER_NONNULL = YES;
				CLANG_ANALYZER_NUMBER_OBJECT_CONVERSION = YES_AGGRESSIVE;
				CLANG_CXX_LANGUAGE_STANDARD = "gnu++20";
				CLANG_ENABLE_MODULES = YES;
				CLANG_ENABLE_OBJC_ARC = YES;
				CLANG_ENABLE_OBJC_WEAK = YES;
				CLANG_WARN_BLOCK_CAPTURE_AUTORELEASING = YES;
				CLANG_WARN_BOOL_CONVERSION = YES;
				CLANG_WARN_COMMA = YES;
				CLANG_WARN_CONSTANT_CONVERSION = YES;
				CLANG_WARN_DEPRECATED_OBJC_IMPLEMENTATIONS = YES;
				CLANG_WARN_DIRECT_OBJC_ISA_USAGE = YES_ERROR;
				CLANG_WARN_DOCUMENTATION_COMMENTS = YES;
				CLANG_WARN_EMPTY_BODY = YES;
				CLANG_WARN_ENUM_CONVERSION = YES;
				CLANG_WARN_INFINITE_RECURSION = YES;
				CLANG_WARN_INT_CONVERSION = YES;
				CLANG_WARN_NON_LITERAL_NULL_CONVERSION = YES;
				CLANG_WARN_OBJC_IMPLICIT_RETAIN_SELF = YES;
				CLANG_WARN_OBJC_LITERAL_CONVERSION = YES;
				CLANG_WARN_OBJC_ROOT_CLASS = YES_ERROR;
				CLANG_WARN_QUOTED_INCLUDE_IN_FRAMEWORK_HEADER = YES;
				CLANG_WARN_RANGE_LOOP_ANALYSIS = YES;
				CLANG_WARN_STRICT_PROTOTYPES = YES;
				CLANG_WARN_SUSPICIOUS_MOVE = YES;
				CLANG_WARN_UNGUARDED_AVAILABILITY = YES_AGGRESSIVE;
				CLANG_WARN_UNREACHABLE_CODE = YES;
				CLANG_WARN__DUPLICATE_METHOD_MATCH = YES;
				COPY_PHASE_STRIP = NO;
				DEBUG_INFORMATION_FORMAT = dwarf;
				ENABLE_STRICT_OBJC_MSGSEND = YES;
				ENABLE_TESTABILITY = YES;
				GCC_C_LANGUAGE_STANDARD = gnu11;
				GCC_DYNAMIC_NO_PIC = NO;
				GCC_NO_COMMON_BLOCKS = YES;
				GCC_OPTIMIZATION_LEVEL = 0;
				GCC_PREPROCESSOR_DEFINITIONS = (
					"DEBUG=1",
					"$(inherited)",
				);
				GCC_WARN_64_TO_32_BIT_CONVERSION = YES;
				GCC_WARN_ABOUT_RETURN_TYPE = YES_ERROR;
				GCC_WARN_UNDECLARED_SELECTOR = YES;
				GCC_WARN_UNINITIALIZED_AUTOS = YES_AGGRESSIVE;
				GCC_WARN_UNUSED_FUNCTION = YES;
				GCC_WARN_UNUSED_VARIABLE = YES;
				IPHONEOS_DEPLOYMENT_TARGET = 16.0;
				MTL_ENABLE_DEBUG_INFO = INCLUDE_SOURCE;
				MTL_FAST_MATH = YES;
				ONLY_ACTIVE_ARCH = YES;
				SDKROOT = iphoneos;
				SWIFT_ACTIVE_COMPILATION_CONDITIONS = DEBUG;
				SWIFT_OPTIMIZATION_LEVEL = "-Onone";
			};
			name = Debug;
		};
		7B1D0C52299A8A82002A2FA2 /* Release */ = {
			isa = XCBuildConfiguration;
			buildSettings = {
				ALWAYS_SEARCH_USER_PATHS = NO;
				CLANG_ANALYZER_NONNULL = YES;
				CLANG_ANALYZER_NUMBER_OBJECT_CONVERSION = YES_AGGRESSIVE;
				CLANG_CXX_LANGUAGE_STANDARD = "gnu++20";
				CLANG_ENABLE_MODULES = YES;
				CLANG_ENABLE_OBJC_ARC = YES;
				CLANG_ENABLE_OBJC_WEAK = YES;
				CLANG_WARN_BLOCK_CAPTURE_AUTORELEASING = YES;
				CLANG_WARN_BOOL_CONVERSION = YES;
				CLANG_WARN_COMMA = YES;
				CLANG_WARN_CONSTANT_CONVERSION = YES;
				CLANG_WARN_DEPRECATED_OBJC_IMPLEMENTATIONS = YES;
				CLANG_WARN_DIRECT_OBJC_ISA_USAGE = YES_ERROR;
				CLANG_WARN_DOCUMENTATION_COMMENTS = YES;
				CLANG_WARN_EMPTY_BODY = YES;
				CLANG_WARN_ENUM_CONVERSION = YES;
				CLANG_WARN_INFINITE_RECURSION = YES;
				CLANG_WARN_INT_CONVERSION = YES;
				CLANG_WARN_NON_LITERAL_NULL_CONVERSION = YES;
				CLANG_WARN_OBJC_IMPLICIT_RETAIN_SELF = YES;
				CLANG_WARN_OBJC_LITERAL_CONVERSION = YES;
				CLANG_WARN_OBJC_ROOT_CLASS = YES_ERROR;
				CLANG_WARN_QUOTED_INCLUDE_IN_FRAMEWORK_HEADER = YES;
				CLANG_WARN_RANGE_LOOP_ANALYSIS = YES;
				CLANG_WARN_STRICT_PROTOTYPES = YES;
				CLANG_WARN_SUSPICIOUS_MOVE = YES;
				CLANG_WARN_UNGUARDED_AVAILABILITY = YES_AGGRESSIVE;
				CLANG_WARN_UNREACHABLE_CODE = YES;
				CLANG_WARN__DUPLICATE_METHOD_MATCH = YES;
				COPY_PHASE_STRIP = NO;
				DEBUG_INFORMATION_FORMAT = "dwarf-with-dsym";
				ENABLE_NS_ASSERTIONS = NO;
				ENABLE_STRICT_OBJC_MSGSEND = YES;
				GCC_C_LANGUAGE_STANDARD = gnu11;
				GCC_NO_COMMON_BLOCKS = YES;
				GCC_WARN_64_TO_32_BIT_CONVERSION = YES;
				GCC_WARN_ABOUT_RETURN_TYPE = YES_ERROR;
				GCC_WARN_UNDECLARED_SELECTOR = YES;
				GCC_WARN_UNINITIALIZED_AUTOS = YES_AGGRESSIVE;
				GCC_WARN_UNUSED_FUNCTION = YES;
				GCC_WARN_UNUSED_VARIABLE = YES;
				IPHONEOS_DEPLOYMENT_TARGET = 16.0;
				MTL_ENABLE_DEBUG_INFO = NO;
				MTL_FAST_MATH = YES;
				SDKROOT = iphoneos;
				SWIFT_COMPILATION_MODE = wholemodule;
				SWIFT_OPTIMIZATION_LEVEL = "-O";
				VALIDATE_PRODUCT = YES;
			};
			name = Release;
		};
		7B1D0C54299A8A82002A2FA2 /* Debug */ = {
			isa = XCBuildConfiguration;
			buildSettings = {
				ASSETCATALOG_COMPILER_APPICON_NAME = AppIcon;
				ASSETCATALOG_COMPILER_GLOBAL_ACCENT_COLOR_NAME = AccentColor;
				CODE_SIGN_STYLE = Automatic;
				CURRENT_PROJECT_VERSION = 1;
				DEVELOPMENT_ASSET_PATHS = "\"CryptoTracker/Preview Content\"";
				DEVELOPMENT_TEAM = ZQ49Y7XNP4;
				ENABLE_PREVIEWS = YES;
				GENERATE_INFOPLIST_FILE = YES;
				INFOPLIST_KEY_UIApplicationSceneManifest_Generation = YES;
				INFOPLIST_KEY_UIApplicationSupportsIndirectInputEvents = YES;
				INFOPLIST_KEY_UILaunchScreen_Generation = YES;
				INFOPLIST_KEY_UISupportedInterfaceOrientations_iPad = "UIInterfaceOrientationPortrait UIInterfaceOrientationPortraitUpsideDown UIInterfaceOrientationLandscapeLeft UIInterfaceOrientationLandscapeRight";
				INFOPLIST_KEY_UISupportedInterfaceOrientations_iPhone = "UIInterfaceOrientationPortrait UIInterfaceOrientationLandscapeLeft UIInterfaceOrientationLandscapeRight";
				LD_RUNPATH_SEARCH_PATHS = (
					"$(inherited)",
					"@executable_path/Frameworks",
				);
				MARKETING_VERSION = 1.0;
				PRODUCT_BUNDLE_IDENTIFIER = mongy.CryptoTracker;
				PRODUCT_NAME = "$(TARGET_NAME)";
				SWIFT_EMIT_LOC_STRINGS = YES;
				SWIFT_VERSION = 5.0;
				TARGETED_DEVICE_FAMILY = "1,2";
			};
			name = Debug;
		};
		7B1D0C55299A8A82002A2FA2 /* Release */ = {
			isa = XCBuildConfiguration;
			buildSettings = {
				ASSETCATALOG_COMPILER_APPICON_NAME = AppIcon;
				ASSETCATALOG_COMPILER_GLOBAL_ACCENT_COLOR_NAME = AccentColor;
				CODE_SIGN_STYLE = Automatic;
				CURRENT_PROJECT_VERSION = 1;
				DEVELOPMENT_ASSET_PATHS = "\"CryptoTracker/Preview Content\"";
				DEVELOPMENT_TEAM = ZQ49Y7XNP4;
				ENABLE_PREVIEWS = YES;
				GENERATE_INFOPLIST_FILE = YES;
				INFOPLIST_KEY_UIApplicationSceneManifest_Generation = YES;
				INFOPLIST_KEY_UIApplicationSupportsIndirectInputEvents = YES;
				INFOPLIST_KEY_UILaunchScreen_Generation = YES;
				INFOPLIST_KEY_UISupportedInterfaceOrientations_iPad = "UIInterfaceOrientationPortrait UIInterfaceOrientationPortraitUpsideDown UIInterfaceOrientationLandscapeLeft UIInterfaceOrientationLandscapeRight";
				INFOPLIST_KEY_UISupportedInterfaceOrientations_iPhone = "UIInterfaceOrientationPortrait UIInterfaceOrientationLandscapeLeft UIInterfaceOrientationLandscapeRight";
				LD_RUNPATH_SEARCH_PATHS = (
					"$(inherited)",
					"@executable_path/Frameworks",
				);
				MARKETING_VERSION = 1.0;
				PRODUCT_BUNDLE_IDENTIFIER = mongy.CryptoTracker;
				PRODUCT_NAME = "$(TARGET_NAME)";
				SWIFT_EMIT_LOC_STRINGS = YES;
				SWIFT_VERSION = 5.0;
				TARGETED_DEVICE_FAMILY = "1,2";
			};
			name = Release;
		};
/* End XCBuildConfiguration section */

/* Begin XCConfigurationList section */
		7B1D0C40299A8A7E002A2FA2 /* Build configuration list for PBXProject "CryptoTracker" */ = {
			isa = XCConfigurationList;
			buildConfigurations = (
				7B1D0C51299A8A82002A2FA2 /* Debug */,
				7B1D0C52299A8A82002A2FA2 /* Release */,
			);
			defaultConfigurationIsVisible = 0;
			defaultConfigurationName = Release;
		};
		7B1D0C53299A8A82002A2FA2 /* Build configuration list for PBXNativeTarget "CryptoTracker" */ = {
			isa = XCConfigurationList;
			buildConfigurations = (
				7B1D0C54299A8A82002A2FA2 /* Debug */,
				7B1D0C55299A8A82002A2FA2 /* Release */,
			);
			defaultConfigurationIsVisible = 0;
			defaultConfigurationName = Release;
		};
/* End XCConfigurationList section */
	};
	rootObject = 7B1D0C3D299A8A7E002A2FA2 /* Project object */;
}
